
Microsoft Visual Studio Solution File, Format Version 12.00
# Visual Studio Version 16
VisualStudioVersion = 16.0.31424.327
MinimumVisualStudioVersion = 10.0.40219.1
Project("{FAE04EC0-301F-11D3-BF4B-00C04F79EFBC}") = "QuantumTunnel", "QuantumTunnel.csproj", "{2AB09206-26EB-49D7-8D22-B8D2AFB2F4BF}"
EndProject
Global
	GlobalSection(SolutionConfigurationPlatforms) = preSolution
		Debug|Any CPU = Debug|Any CPU
		Release|Any CPU = Release|Any CPU
	EndGlobalSection
	GlobalSection(ProjectConfigurationPlatforms) = postSolution
		{2AB09206-26EB-49D7-8D22-B8D2AFB2F4BF}.Debug|Any CPU.ActiveCfg = Debug|Any CPU
		{2AB09206-26EB-49D7-8D22-B8D2AFB2F4BF}.Debug|Any CPU.Build.0 = Debug|Any CPU
		{2AB09206-26EB-49D7-8D22-B8D2AFB2F4BF}.Release|Any CPU.ActiveCfg = Release|Any CPU
		{2AB09206-26EB-49D7-8D22-B8D2AFB2F4BF}.Release|Any CPU.Build.0 = Release|Any CPU
	EndGlobalSection
	GlobalSection(SolutionProperties) = preSolution
		HideSolutionNode = FALSE
	EndGlobalSection
	GlobalSection(ExtensibilityGlobals) = postSolution
		SolutionGuid = {3B307183-0664-4461-95B3-15052E4B4401}
	EndGlobalSection
EndGlobal
